// !$*UTF8*$!
{
	archiveVersion = 1;
	classes = {
	};
	objectVersion = 56;
	objects = {

/* Begin PBXBuildFile section */
		0510A7832CA5F363005A7597 /* ECommerceApp.swift in Sources */ = {isa = PBXBuildFile; fileRef = 0510A7822CA5F363005A7597 /* ECommerceApp.swift */; };
		0510A7852CA5F363005A7597 /* Movie.swift in Sources */ = {isa = PBXBuildFile; fileRef = 0510A7842CA5F363005A7597 /* Movie.swift */; };
		0510A7872CA5F364005A7597 /* Assets.xcassets in Resources */ = {isa = PBXBuildFile; fileRef = 0510A7862CA5F364005A7597 /* Assets.xcassets */; };
		0510A78A2CA5F364005A7597 /* Preview Assets.xcassets in Resources */ = {isa = PBXBuildFile; fileRef = 0510A7892CA5F364005A7597 /* Preview Assets.xcassets */; };
		05F533462CA6130A00BD0415 /* APIService.swift in Sources */ = {isa = PBXBuildFile; fileRef = 05F533452CA6130A00BD0415 /* APIService.swift */; };
		05F5334A2CA6141200BD0415 /* HomeView.swift in Sources */ = {isa = PBXBuildFile; fileRef = 05F533492CA6141200BD0415 /* HomeView.swift */; };
		05F5334C2CA6143E00BD0415 /* HomeViewModel.swift in Sources */ = {isa = PBXBuildFile; fileRef = 05F5334B2CA6143E00BD0415 /* HomeViewModel.swift */; };
		05F5334E2CA6146F00BD0415 /* MovieRowView.swift in Sources */ = {isa = PBXBuildFile; fileRef = 05F5334D2CA6146F00BD0415 /* MovieRowView.swift */; };
		05F533512CA6149200BD0415 /* CartView.swift in Sources */ = {isa = PBXBuildFile; fileRef = 05F533502CA6149200BD0415 /* CartView.swift */; };
		05F533532CA614A600BD0415 /* CartViewModel.swift in Sources */ = {isa = PBXBuildFile; fileRef = 05F533522CA614A600BD0415 /* CartViewModel.swift */; };
		05F533552CA614B800BD0415 /* CartItemView.swift in Sources */ = {isa = PBXBuildFile; fileRef = 05F533542CA614B800BD0415 /* CartItemView.swift */; };
		05F533582CA614D400BD0415 /* ConfirmationView.swift in Sources */ = {isa = PBXBuildFile; fileRef = 05F533572CA614D400BD0415 /* ConfirmationView.swift */; };
		05F5335D2CA615A400BD0415 /* SplashView.swift in Sources */ = {isa = PBXBuildFile; fileRef = 05F5335C2CA615A400BD0415 /* SplashView.swift */; };
		05F5335F2CA615EC00BD0415 /* EmptyStateView.swift in Sources */ = {isa = PBXBuildFile; fileRef = 05F5335E2CA615EC00BD0415 /* EmptyStateView.swift */; };
		05F533662CA6165300BD0415 /* MainTabView.swift in Sources */ = {isa = PBXBuildFile; fileRef = 05F533652CA6165300BD0415 /* MainTabView.swift */; };
		05F5336D2CA629CD00BD0415 /* ProductsResponse.swift in Sources */ = {isa = PBXBuildFile; fileRef = 05F5336C2CA629CD00BD0415 /* ProductsResponse.swift */; };
		05F533702CA78EE400BD0415 /* BlueButton.swift in Sources */ = {isa = PBXBuildFile; fileRef = 05F5336F2CA78EE400BD0415 /* BlueButton.swift */; };
		05F533722CA894A300BD0415 /* CartItem.swift in Sources */ = {isa = PBXBuildFile; fileRef = 05F533712CA894A300BD0415 /* CartItem.swift */; };
/* End PBXBuildFile section */

/* Begin PBXFileReference section */
		0510A77F2CA5F363005A7597 /* ECommerceApp.app */ = {isa = PBXFileReference; explicitFileType = wrapper.application; includeInIndex = 0; path = ECommerceApp.app; sourceTree = BUILT_PRODUCTS_DIR; };
		0510A7822CA5F363005A7597 /* ECommerceApp.swift */ = {isa = PBXFileReference; lastKnownFileType = sourcecode.swift; path = ECommerceApp.swift; sourceTree = "<group>"; };
		0510A7842CA5F363005A7597 /* Movie.swift */ = {isa = PBXFileReference; lastKnownFileType = sourcecode.swift; path = Movie.swift; sourceTree = "<group>"; };
		0510A7862CA5F364005A7597 /* Assets.xcassets */ = {isa = PBXFileReference; lastKnownFileType = folder.assetcatalog; path = Assets.xcassets; sourceTree = "<group>"; };
		0510A7892CA5F364005A7597 /* Preview Assets.xcassets */ = {isa = PBXFileReference; lastKnownFileType = folder.assetcatalog; path = "Preview Assets.xcassets"; sourceTree = "<group>"; };
		05F533452CA6130A00BD0415 /* APIService.swift */ = {isa = PBXFileReference; lastKnownFileType = sourcecode.swift; path = APIService.swift; sourceTree = "<group>"; };
		05F533492CA6141200BD0415 /* HomeView.swift */ = {isa = PBXFileReference; lastKnownFileType = sourcecode.swift; path = HomeView.swift; sourceTree = "<group>"; };
		05F5334B2CA6143E00BD0415 /* HomeViewModel.swift */ = {isa = PBXFileReference; lastKnownFileType = sourcecode.swift; path = HomeViewModel.swift; sourceTree = "<group>"; };
		05F5334D2CA6146F00BD0415 /* MovieRowView.swift */ = {isa = PBXFileReference; lastKnownFileType = sourcecode.swift; path = MovieRowView.swift; sourceTree = "<group>"; };
		05F533502CA6149200BD0415 /* CartView.swift */ = {isa = PBXFileReference; lastKnownFileType = sourcecode.swift; path = CartView.swift; sourceTree = "<group>"; };
		05F533522CA614A600BD0415 /* CartViewModel.swift */ = {isa = PBXFileReference; lastKnownFileType = sourcecode.swift; path = CartViewModel.swift; sourceTree = "<group>"; };
		05F533542CA614B800BD0415 /* CartItemView.swift */ = {isa = PBXFileReference; lastKnownFileType = sourcecode.swift; path = CartItemView.swift; sourceTree = "<group>"; };
		05F533572CA614D400BD0415 /* ConfirmationView.swift */ = {isa = PBXFileReference; lastKnownFileType = sourcecode.swift; path = ConfirmationView.swift; sourceTree = "<group>"; };
		05F5335C2CA615A400BD0415 /* SplashView.swift */ = {isa = PBXFileReference; lastKnownFileType = sourcecode.swift; path = SplashView.swift; sourceTree = "<group>"; };
		05F5335E2CA615EC00BD0415 /* EmptyStateView.swift */ = {isa = PBXFileReference; lastKnownFileType = sourcecode.swift; path = EmptyStateView.swift; sourceTree = "<group>"; };
		05F533652CA6165300BD0415 /* MainTabView.swift */ = {isa = PBXFileReference; lastKnownFileType = sourcecode.swift; path = MainTabView.swift; sourceTree = "<group>"; };
		05F5336C2CA629CD00BD0415 /* ProductsResponse.swift */ = {isa = PBXFileReference; lastKnownFileType = sourcecode.swift; path = ProductsResponse.swift; sourceTree = "<group>"; };
		05F5336F2CA78EE400BD0415 /* BlueButton.swift */ = {isa = PBXFileReference; lastKnownFileType = sourcecode.swift; path = BlueButton.swift; sourceTree = "<group>"; };
		05F533712CA894A300BD0415 /* CartItem.swift */ = {isa = PBXFileReference; lastKnownFileType = sourcecode.swift; path = CartItem.swift; sourceTree = "<group>"; };
/* End PBXFileReference section */

/* Begin PBXFrameworksBuildPhase section */
		0510A77C2CA5F363005A7597 /* Frameworks */ = {
			isa = PBXFrameworksBuildPhase;
			buildActionMask = 2147483647;
			files = (
			);
			runOnlyForDeploymentPostprocessing = 0;
		};
/* End PBXFrameworksBuildPhase section */

/* Begin PBXGroup section */
		0510A7762CA5F363005A7597 = {
			isa = PBXGroup;
			children = (
				0510A7812CA5F363005A7597 /* ECommerceApp */,
				0510A7802CA5F363005A7597 /* Products */,
			);
			sourceTree = "<group>";
		};
		0510A7802CA5F363005A7597 /* Products */ = {
			isa = PBXGroup;
			children = (
				0510A77F2CA5F363005A7597 /* ECommerceApp.app */,
			);
			name = Products;
			sourceTree = "<group>";
		};
		0510A7812CA5F363005A7597 /* ECommerceApp */ = {
			isa = PBXGroup;
			children = (
				05F533742CAAFF0B00BD0415 /* AppEntryPoint */,
				05F533762CAAFFDB00BD0415 /* MainTabView */,
				05F533442CA612AA00BD0415 /* Services */,
				05F533432CA6115700BD0415 /* Models */,
				05F533732CAAFE6D00BD0415 /* ViewModels */,
				05F533472CA613E000BD0415 /* Views */,
				0510A7882CA5F364005A7597 /* Preview Content */,
			);
			path = ECommerceApp;
			sourceTree = "<group>";
		};
		0510A7882CA5F364005A7597 /* Preview Content */ = {
			isa = PBXGroup;
			children = (
				0510A7892CA5F364005A7597 /* Preview Assets.xcassets */,
				0510A7862CA5F364005A7597 /* Assets.xcassets */,
			);
			path = "Preview Content";
			sourceTree = "<group>";
		};
		05F533432CA6115700BD0415 /* Models */ = {
			isa = PBXGroup;
			children = (
				0510A7842CA5F363005A7597 /* Movie.swift */,
				05F5336C2CA629CD00BD0415 /* ProductsResponse.swift */,
				05F533712CA894A300BD0415 /* CartItem.swift */,
			);
			path = Models;
			sourceTree = "<group>";
		};
		05F533442CA612AA00BD0415 /* Services */ = {
			isa = PBXGroup;
			children = (
				05F533452CA6130A00BD0415 /* APIService.swift */,
			);
			path = Services;
			sourceTree = "<group>";
		};
		05F533472CA613E000BD0415 /* Views */ = {
			isa = PBXGroup;
			children = (
				05F533752CAAFFA900BD0415 /* EmptyState */,
				05F5336E2CA78E3A00BD0415 /* Button */,
				05F533482CA6140100BD0415 /* Home */,
				05F5334F2CA6148400BD0415 /* Cart */,
				05F533562CA614C700BD0415 /* Confirmation */,
				05F5335B2CA6157E00BD0415 /* Splash */,
			);
			path = Views;
			sourceTree = "<group>";
		};
		05F533482CA6140100BD0415 /* Home */ = {
			isa = PBXGroup;
			children = (
				05F533492CA6141200BD0415 /* HomeView.swift */,
				05F5334D2CA6146F00BD0415 /* MovieRowView.swift */,
			);
			path = Home;
			sourceTree = "<group>";
		};
		05F5334F2CA6148400BD0415 /* Cart */ = {
			isa = PBXGroup;
			children = (
				05F533502CA6149200BD0415 /* CartView.swift */,
				05F533542CA614B800BD0415 /* CartItemView.swift */,
			);
			path = Cart;
			sourceTree = "<group>";
		};
		05F533562CA614C700BD0415 /* Confirmation */ = {
			isa = PBXGroup;
			children = (
				05F533572CA614D400BD0415 /* ConfirmationView.swift */,
			);
			path = Confirmation;
			sourceTree = "<group>";
		};
		05F5335B2CA6157E00BD0415 /* Splash */ = {
			isa = PBXGroup;
			children = (
				05F5335C2CA615A400BD0415 /* SplashView.swift */,
			);
			path = Splash;
			sourceTree = "<group>";
		};
		05F5336E2CA78E3A00BD0415 /* Button */ = {
			isa = PBXGroup;
			children = (
				05F5336F2CA78EE400BD0415 /* BlueButton.swift */,
			);
			path = Button;
			sourceTree = "<group>";
		};
		05F533732CAAFE6D00BD0415 /* ViewModels */ = {
			isa = PBXGroup;
			children = (
				05F5334B2CA6143E00BD0415 /* HomeViewModel.swift */,
				05F533522CA614A600BD0415 /* CartViewModel.swift */,
			);
			path = ViewModels;
			sourceTree = "<group>";
		};
		05F533742CAAFF0B00BD0415 /* AppEntryPoint */ = {
			isa = PBXGroup;
			children = (
				0510A7822CA5F363005A7597 /* ECommerceApp.swift */,
			);
			path = AppEntryPoint;
			sourceTree = "<group>";
		};
		05F533752CAAFFA900BD0415 /* EmptyState */ = {
			isa = PBXGroup;
			children = (
				05F5335E2CA615EC00BD0415 /* EmptyStateView.swift */,
			);
			path = EmptyState;
			sourceTree = "<group>";
		};
		05F533762CAAFFDB00BD0415 /* MainTabView */ = {
			isa = PBXGroup;
			children = (
				05F533652CA6165300BD0415 /* MainTabView.swift */,
			);
			path = MainTabView;
			sourceTree = "<group>";
		};
/* End PBXGroup section */

/* Begin PBXNativeTarget section */
		0510A77E2CA5F363005A7597 /* ECommerceApp */ = {
			isa = PBXNativeTarget;
			buildConfigurationList = 0510A78D2CA5F364005A7597 /* Build configuration list for PBXNativeTarget "ECommerceApp" */;
			buildPhases = (
				0510A77B2CA5F363005A7597 /* Sources */,
				0510A77C2CA5F363005A7597 /* Frameworks */,
				0510A77D2CA5F363005A7597 /* Resources */,
			);
			buildRules = (
			);
			dependencies = (
			);
			name = ECommerceApp;
			productName = ECommerceApp;
			productReference = 0510A77F2CA5F363005A7597 /* ECommerceApp.app */;
			productType = "com.apple.product-type.application";
		};
/* End PBXNativeTarget section */

/* Begin PBXProject section */
		0510A7772CA5F363005A7597 /* Project object */ = {
			isa = PBXProject;
			attributes = {
				BuildIndependentTargetsInParallel = 1;
				LastSwiftUpdateCheck = 1500;
				LastUpgradeCheck = 1500;
				TargetAttributes = {
					0510A77E2CA5F363005A7597 = {
						CreatedOnToolsVersion = 15.0;
					};
				};
			};
			buildConfigurationList = 0510A77A2CA5F363005A7597 /* Build configuration list for PBXProject "ECommerceApp" */;
			compatibilityVersion = "Xcode 14.0";
			developmentRegion = en;
			hasScannedForEncodings = 0;
			knownRegions = (
				en,
				Base,
			);
			mainGroup = 0510A7762CA5F363005A7597;
			productRefGroup = 0510A7802CA5F363005A7597 /* Products */;
			projectDirPath = "";
			projectRoot = "";
			targets = (
				0510A77E2CA5F363005A7597 /* ECommerceApp */,
			);
		};
/* End PBXProject section */

/* Begin PBXResourcesBuildPhase section */
		0510A77D2CA5F363005A7597 /* Resources */ = {
			isa = PBXResourcesBuildPhase;
			buildActionMask = 2147483647;
			files = (
				0510A78A2CA5F364005A7597 /* Preview Assets.xcassets in Resources */,
				0510A7872CA5F364005A7597 /* Assets.xcassets in Resources */,
			);
			runOnlyForDeploymentPostprocessing = 0;
		};
/* End PBXResourcesBuildPhase section */

/* Begin PBXSourcesBuildPhase section */
		0510A77B2CA5F363005A7597 /* Sources */ = {
			isa = PBXSourcesBuildPhase;
			buildActionMask = 2147483647;
			files = (
				0510A7852CA5F363005A7597 /* Movie.swift in Sources */,
				05F5335D2CA615A400BD0415 /* SplashView.swift in Sources */,
				05F533722CA894A300BD0415 /* CartItem.swift in Sources */,
				05F5336D2CA629CD00BD0415 /* ProductsResponse.swift in Sources */,
				05F533512CA6149200BD0415 /* CartView.swift in Sources */,
				0510A7832CA5F363005A7597 /* ECommerceApp.swift in Sources */,
				05F5334A2CA6141200BD0415 /* HomeView.swift in Sources */,
				05F533532CA614A600BD0415 /* CartViewModel.swift in Sources */,
				05F5335F2CA615EC00BD0415 /* EmptyStateView.swift in Sources */,
				05F533582CA614D400BD0415 /* ConfirmationView.swift in Sources */,
				05F533462CA6130A00BD0415 /* APIService.swift in Sources */,
				05F533552CA614B800BD0415 /* CartItemView.swift in Sources */,
				05F533702CA78EE400BD0415 /* BlueButton.swift in Sources */,
				05F533662CA6165300BD0415 /* MainTabView.swift in Sources */,
				05F5334E2CA6146F00BD0415 /* MovieRowView.swift in Sources */,
				05F5334C2CA6143E00BD0415 /* HomeViewModel.swift in Sources */,
			);
			runOnlyForDeploymentPostprocessing = 0;
		};
/* End PBXSourcesBuildPhase section */

/* Begin XCBuildConfiguration section */
		0510A78B2CA5F364005A7597 /* Debug */ = {
			isa = XCBuildConfiguration;
			buildSettings = {
				ALWAYS_SEARCH_USER_PATHS = NO;
				ASSETCATALOG_COMPILER_GENERATE_SWIFT_ASSET_SYMBOL_EXTENSIONS = YES;
				CLANG_ANALYZER_NONNULL = YES;
				CLANG_ANALYZER_NUMBER_OBJECT_CONVERSION = YES_AGGRESSIVE;
				CLANG_CXX_LANGUAGE_STANDARD = "gnu++20";
				CLANG_ENABLE_MODULES = YES;
				CLANG_ENABLE_OBJC_ARC = YES;
				CLANG_ENABLE_OBJC_WEAK = YES;
				CLANG_WARN_BLOCK_CAPTURE_AUTORELEASING = YES;
				CLANG_WARN_BOOL_CONVERSION = YES;
				CLANG_WARN_COMMA = YES;
				CLANG_WARN_CONSTANT_CONVERSION = YES;
				CLANG_WARN_DEPRECATED_OBJC_IMPLEMENTATIONS = YES;
				CLANG_WARN_DIRECT_OBJC_ISA_USAGE = YES_ERROR;
				CLANG_WARN_DOCUMENTATION_COMMENTS = YES;
				CLANG_WARN_EMPTY_BODY = YES;
				CLANG_WARN_ENUM_CONVERSION = YES;
				CLANG_WARN_INFINITE_RECURSION = YES;
				CLANG_WARN_INT_CONVERSION = YES;
				CLANG_WARN_NON_LITERAL_NULL_CONVERSION = YES;
				CLANG_WARN_OBJC_IMPLICIT_RETAIN_SELF = YES;
				CLANG_WARN_OBJC_LITERAL_CONVERSION = YES;
				CLANG_WARN_OBJC_ROOT_CLASS = YES_ERROR;
				CLANG_WARN_QUOTED_INCLUDE_IN_FRAMEWORK_HEADER = YES;
				CLANG_WARN_RANGE_LOOP_ANALYSIS = YES;
				CLANG_WARN_STRICT_PROTOTYPES = YES;
				CLANG_WARN_SUSPICIOUS_MOVE = YES;
				CLANG_WARN_UNGUARDED_AVAILABILITY = YES_AGGRESSIVE;
				CLANG_WARN_UNREACHABLE_CODE = YES;
				CLANG_WARN__DUPLICATE_METHOD_MATCH = YES;
				COPY_PHASE_STRIP = NO;
				DEBUG_INFORMATION_FORMAT = dwarf;
				ENABLE_STRICT_OBJC_MSGSEND = YES;
				ENABLE_TESTABILITY = YES;
				ENABLE_USER_SCRIPT_SANDBOXING = YES;
				GCC_C_LANGUAGE_STANDARD = gnu17;
				GCC_DYNAMIC_NO_PIC = NO;
				GCC_NO_COMMON_BLOCKS = YES;
				GCC_OPTIMIZATION_LEVEL = 0;
				GCC_PREPROCESSOR_DEFINITIONS = (
					"DEBUG=1",
					"$(inherited)",
				);
				GCC_WARN_64_TO_32_BIT_CONVERSION = YES;
				GCC_WARN_ABOUT_RETURN_TYPE = YES_ERROR;
				GCC_WARN_UNDECLARED_SELECTOR = YES;
				GCC_WARN_UNINITIALIZED_AUTOS = YES_AGGRESSIVE;
				GCC_WARN_UNUSED_FUNCTION = YES;
				GCC_WARN_UNUSED_VARIABLE = YES;
				IPHONEOS_DEPLOYMENT_TARGET = 17.0;
				LOCALIZATION_PREFERS_STRING_CATALOGS = YES;
				MTL_ENABLE_DEBUG_INFO = INCLUDE_SOURCE;
				MTL_FAST_MATH = YES;
				ONLY_ACTIVE_ARCH = YES;
				SDKROOT = iphoneos;
				SWIFT_ACTIVE_COMPILATION_CONDITIONS = "DEBUG $(inherited)";
				SWIFT_OPTIMIZATION_LEVEL = "-Onone";
			};
			name = Debug;
		};
		0510A78C2CA5F364005A7597 /* Release */ = {
			isa = XCBuildConfiguration;
			buildSettings = {
				ALWAYS_SEARCH_USER_PATHS = NO;
				ASSETCATALOG_COMPILER_GENERATE_SWIFT_ASSET_SYMBOL_EXTENSIONS = YES;
				CLANG_ANALYZER_NONNULL = YES;
				CLANG_ANALYZER_NUMBER_OBJECT_CONVERSION = YES_AGGRESSIVE;
				CLANG_CXX_LANGUAGE_STANDARD = "gnu++20";
				CLANG_ENABLE_MODULES = YES;
				CLANG_ENABLE_OBJC_ARC = YES;
				CLANG_ENABLE_OBJC_WEAK = YES;
				CLANG_WARN_BLOCK_CAPTURE_AUTORELEASING = YES;
				CLANG_WARN_BOOL_CONVERSION = YES;
				CLANG_WARN_COMMA = YES;
				CLANG_WARN_CONSTANT_CONVERSION = YES;
				CLANG_WARN_DEPRECATED_OBJC_IMPLEMENTATIONS = YES;
				CLANG_WARN_DIRECT_OBJC_ISA_USAGE = YES_ERROR;
				CLANG_WARN_DOCUMENTATION_COMMENTS = YES;
				CLANG_WARN_EMPTY_BODY = YES;
				CLANG_WARN_ENUM_CONVERSION = YES;
				CLANG_WARN_INFINITE_RECURSION = YES;
				CLANG_WARN_INT_CONVERSION = YES;
				CLANG_WARN_NON_LITERAL_NULL_CONVERSION = YES;
				CLANG_WARN_OBJC_IMPLICIT_RETAIN_SELF = YES;
				CLANG_WARN_OBJC_LITERAL_CONVERSION = YES;
				CLANG_WARN_OBJC_ROOT_CLASS = YES_ERROR;
				CLANG_WARN_QUOTED_INCLUDE_IN_FRAMEWORK_HEADER = YES;
				CLANG_WARN_RANGE_LOOP_ANALYSIS = YES;
				CLANG_WARN_STRICT_PROTOTYPES = YES;
				CLANG_WARN_SUSPICIOUS_MOVE = YES;
				CLANG_WARN_UNGUARDED_AVAILABILITY = YES_AGGRESSIVE;
				CLANG_WARN_UNREACHABLE_CODE = YES;
				CLANG_WARN__DUPLICATE_METHOD_MATCH = YES;
				COPY_PHASE_STRIP = NO;
				DEBUG_INFORMATION_FORMAT = "dwarf-with-dsym";
				ENABLE_NS_ASSERTIONS = NO;
				ENABLE_STRICT_OBJC_MSGSEND = YES;
				ENABLE_USER_SCRIPT_SANDBOXING = YES;
				GCC_C_LANGUAGE_STANDARD = gnu17;
				GCC_NO_COMMON_BLOCKS = YES;
				GCC_WARN_64_TO_32_BIT_CONVERSION = YES;
				GCC_WARN_ABOUT_RETURN_TYPE = YES_ERROR;
				GCC_WARN_UNDECLARED_SELECTOR = YES;
				GCC_WARN_UNINITIALIZED_AUTOS = YES_AGGRESSIVE;
				GCC_WARN_UNUSED_FUNCTION = YES;
				GCC_WARN_UNUSED_VARIABLE = YES;
				IPHONEOS_DEPLOYMENT_TARGET = 17.0;
				LOCALIZATION_PREFERS_STRING_CATALOGS = YES;
				MTL_ENABLE_DEBUG_INFO = NO;
				MTL_FAST_MATH = YES;
				SDKROOT = iphoneos;
				SWIFT_COMPILATION_MODE = wholemodule;
				VALIDATE_PRODUCT = YES;
			};
			name = Release;
		};
		0510A78E2CA5F364005A7597 /* Debug */ = {
			isa = XCBuildConfiguration;
			buildSettings = {
				ASSETCATALOG_COMPILER_APPICON_NAME = AppIcon;
				ASSETCATALOG_COMPILER_GLOBAL_ACCENT_COLOR_NAME = AccentColor;
				CODE_SIGN_STYLE = Automatic;
				CURRENT_PROJECT_VERSION = 1;
				DEVELOPMENT_ASSET_PATHS = "\"ECommerceApp/Preview Content\"";
				DEVELOPMENT_TEAM = TNPTQGXSA4;
				ENABLE_PREVIEWS = YES;
				GENERATE_INFOPLIST_FILE = YES;
				INFOPLIST_KEY_UIApplicationSceneManifest_Generation = YES;
				INFOPLIST_KEY_UIApplicationSupportsIndirectInputEvents = YES;
				INFOPLIST_KEY_UILaunchScreen_Generation = YES;
				INFOPLIST_KEY_UISupportedInterfaceOrientations_iPad = "UIInterfaceOrientationPortrait UIInterfaceOrientationPortraitUpsideDown UIInterfaceOrientationLandscapeLeft UIInterfaceOrientationLandscapeRight";
				INFOPLIST_KEY_UISupportedInterfaceOrientations_iPhone = "UIInterfaceOrientationPortrait UIInterfaceOrientationLandscapeLeft UIInterfaceOrientationLandscapeRight";
				LD_RUNPATH_SEARCH_PATHS = (
					"$(inherited)",
					"@executable_path/Frameworks",
				);
				MARKETING_VERSION = 1.0;
				PRODUCT_BUNDLE_IDENTIFIER = FontsSwiftUi.ECommerceApp;
				PRODUCT_NAME = "$(TARGET_NAME)";
				SWIFT_EMIT_LOC_STRINGS = YES;
				SWIFT_VERSION = 5.0;
				TARGETED_DEVICE_FAMILY = "1,2";
			};
			name = Debug;
		};
		0510A78F2CA5F364005A7597 /* Release */ = {
			isa = XCBuildConfiguration;
			buildSettings = {
				ASSETCATALOG_COMPILER_APPICON_NAME = AppIcon;
				ASSETCATALOG_COMPILER_GLOBAL_ACCENT_COLOR_NAME = AccentColor;
				CODE_SIGN_STYLE = Automatic;
				CURRENT_PROJECT_VERSION = 1;
				DEVELOPMENT_ASSET_PATHS = "\"ECommerceApp/Preview Content\"";
				DEVELOPMENT_TEAM = TNPTQGXSA4;
				ENABLE_PREVIEWS = YES;
				GENERATE_INFOPLIST_FILE = YES;
				INFOPLIST_KEY_UIApplicationSceneManifest_Generation = YES;
				INFOPLIST_KEY_UIApplicationSupportsIndirectInputEvents = YES;
				INFOPLIST_KEY_UILaunchScreen_Generation = YES;
				INFOPLIST_KEY_UISupportedInterfaceOrientations_iPad = "UIInterfaceOrientationPortrait UIInterfaceOrientationPortraitUpsideDown UIInterfaceOrientationLandscapeLeft UIInterfaceOrientationLandscapeRight";
				INFOPLIST_KEY_UISupportedInterfaceOrientations_iPhone = "UIInterfaceOrientationPortrait UIInterfaceOrientationLandscapeLeft UIInterfaceOrientationLandscapeRight";
				LD_RUNPATH_SEARCH_PATHS = (
					"$(inherited)",
					"@executable_path/Frameworks",
				);
				MARKETING_VERSION = 1.0;
				PRODUCT_BUNDLE_IDENTIFIER = FontsSwiftUi.ECommerceApp;
				PRODUCT_NAME = "$(TARGET_NAME)";
				SWIFT_EMIT_LOC_STRINGS = YES;
				SWIFT_VERSION = 5.0;
				TARGETED_DEVICE_FAMILY = "1,2";
			};
			name = Release;
		};
/* End XCBuildConfiguration section */

/* Begin XCConfigurationList section */
		0510A77A2CA5F363005A7597 /* Build configuration list for PBXProject "ECommerceApp" */ = {
			isa = XCConfigurationList;
			buildConfigurations = (
				0510A78B2CA5F364005A7597 /* Debug */,
				0510A78C2CA5F364005A7597 /* Release */,
			);
			defaultConfigurationIsVisible = 0;
			defaultConfigurationName = Release;
		};
		0510A78D2CA5F364005A7597 /* Build configuration list for PBXNativeTarget "ECommerceApp" */ = {
			isa = XCConfigurationList;
			buildConfigurations = (
				0510A78E2CA5F364005A7597 /* Debug */,
				0510A78F2CA5F364005A7597 /* Release */,
			);
			defaultConfigurationIsVisible = 0;
			defaultConfigurationName = Release;
		};
/* End XCConfigurationList section */
	};
	rootObject = 0510A7772CA5F363005A7597 /* Project object */;
}
